{
  "name": "part03",
  "version": "1.0.0",
  "lockfileVersion": 2,
  "requires": true,
  "packages": {
    "": {
      "name": "part03",
      "version": "1.0.0",
      "license": "ISC",
      "dependencies": {
        "route-parser": "^0.0.5"
      }
    },
    "node_modules/route-parser": {
      "version": "0.0.5",
      "resolved": "https://registry.npmjs.org/route-parser/-/route-parser-0.0.5.tgz",
      "integrity": "sha1-fR0J0zXkkJQDHqFpkaSnmwG74fQ=",
      "engines": {
        "node": ">= 0.9"
      }
    }
  },
  "dependencies": {
    "route-parser": {
      "version": "0.0.5",
      "resolved": "https://registry.npmjs.org/route-parser/-/route-parser-0.0.5.tgz",
      "integrity": "sha1-fR0J0zXkkJQDHqFpkaSnmwG74fQ="
    }
  }
}
